
Microsoft Visual Studio Solution File, Format Version 12.00
# Visual Studio 15
VisualStudioVersion = 15.0.26730.16
MinimumVisualStudioVersion = 10.0.40219.1
Project("{FAE04EC0-301F-11D3-BF4B-00C04F79EFBC}") = "HigherGeodesyLab1", "HigherGeodesyLab1\HigherGeodesyLab1.csproj", "{4696F67D-866A-442E-978F-B87211A96918}"
EndProject
Project("{FAE04EC0-301F-11D3-BF4B-00C04F79EFBC}") = "HigherGeodesyLab1Tests", "HigherGeodesyLab1Tests\HigherGeodesyLab1Tests.csproj", "{49B610B0-2105-4CFB-80AB-705CB41E03ED}"
EndProject
Global
	GlobalSection(Performance) = preSolution
		HasPerformanceSessions = true
	EndGlobalSection
	GlobalSection(SolutionConfigurationPlatforms) = preSolution
		Debug|Any CPU = Debug|Any CPU
		Release|Any CPU = Release|Any CPU
	EndGlobalSection
	GlobalSection(ProjectConfigurationPlatforms) = postSolution
		{4696F67D-866A-442E-978F-B87211A96918}.Debug|Any CPU.ActiveCfg = Debug|Any CPU
		{4696F67D-866A-442E-978F-B87211A96918}.Debug|Any CPU.Build.0 = Debug|Any CPU
		{4696F67D-866A-442E-978F-B87211A96918}.Release|Any CPU.ActiveCfg = Release|Any CPU
		{4696F67D-866A-442E-978F-B87211A96918}.Release|Any CPU.Build.0 = Release|Any CPU
		{49B610B0-2105-4CFB-80AB-705CB41E03ED}.Debug|Any CPU.ActiveCfg = Debug|Any CPU
		{49B610B0-2105-4CFB-80AB-705CB41E03ED}.Debug|Any CPU.Build.0 = Debug|Any CPU
		{49B610B0-2105-4CFB-80AB-705CB41E03ED}.Release|Any CPU.ActiveCfg = Release|Any CPU
		{49B610B0-2105-4CFB-80AB-705CB41E03ED}.Release|Any CPU.Build.0 = Release|Any CPU
	EndGlobalSection
	GlobalSection(SolutionProperties) = preSolution
		HideSolutionNode = FALSE
	EndGlobalSection
	GlobalSection(ExtensibilityGlobals) = postSolution
		SolutionGuid = {5C105D12-E0B3-496F-80B1-F4A80E75A1A1}
	EndGlobalSection
EndGlobal
